// !$*UTF8*$!
{
	archiveVersion = 1;
	classes = {
	};
	objectVersion = 46;
	objects = {

/* Begin PBXBuildFile section */
		0421AF391277A106007A56F8 /* Icon.png in Resources */ = {isa = PBXBuildFile; fileRef = 0421AF381277A106007A56F8 /* Icon.png */; };
		0421AF6C1277A3F6007A56F8 /* Icon@2x.png in Resources */ = {isa = PBXBuildFile; fileRef = 0421AF6B1277A3F6007A56F8 /* Icon@2x.png */; };
		0430E83211E36701007B92A4 /* 7.png in Resources */ = {isa = PBXBuildFile; fileRef = 0430E82711E36701007B92A4 /* 7.png */; };
		0430E83311E36701007B92A4 /* 123.png in Resources */ = {isa = PBXBuildFile; fileRef = 0430E82811E36701007B92A4 /* 123.png */; };
		0430E83411E36701007B92A4 /* 456.png in Resources */ = {isa = PBXBuildFile; fileRef = 0430E82911E36701007B92A4 /* 456.png */; };
		0430E83511E36701007B92A4 /* ACE.png in Resources */ = {isa = PBXBuildFile; fileRef = 0430E82A11E36701007B92A4 /* ACE.png */; };
		0430E83611E36701007B92A4 /* BDFM.png in Resources */ = {isa = PBXBuildFile; fileRef = 0430E82B11E36701007B92A4 /* BDFM.png */; };
		0430E83711E36701007B92A4 /* G.png in Resources */ = {isa = PBXBuildFile; fileRef = 0430E82C11E36701007B92A4 /* G.png */; };
		0430E83811E36701007B92A4 /* JZ.png in Resources */ = {isa = PBXBuildFile; fileRef = 0430E82D11E36701007B92A4 /* JZ.png */; };
		0430E83911E36701007B92A4 /* L.png in Resources */ = {isa = PBXBuildFile; fileRef = 0430E82E11E36701007B92A4 /* L.png */; };
		0430E83A11E36701007B92A4 /* NQR.png in Resources */ = {isa = PBXBuildFile; fileRef = 0430E82F11E36701007B92A4 /* NQR.png */; };
		0430E83B11E36701007B92A4 /* S.png in Resources */ = {isa = PBXBuildFile; fileRef = 0430E83011E36701007B92A4 /* S.png */; };
		0430E83C11E36701007B92A4 /* SIR.png in Resources */ = {isa = PBXBuildFile; fileRef = 0430E83111E36701007B92A4 /* SIR.png */; };
		043999F51204A22D00A74860 /* MapTableViewController.xib in Resources */ = {isa = PBXBuildFile; fileRef = 043999F31204A22D00A74860 /* MapTableViewController.xib */; };
		0447BD3D1208CD810074EA25 /* MapDetailViewController.xib in Resources */ = {isa = PBXBuildFile; fileRef = 0447BD3C1208CD810074EA25 /* MapDetailViewController.xib */; };
		0447BD5D1208CE180074EA25 /* QuartzCore.framework in Frameworks */ = {isa = PBXBuildFile; fileRef = 0447BD5C1208CE180074EA25 /* QuartzCore.framework */; };
		044C626D11D1AFB3009D8BA3 /* ServiceDetailView.xib in Resources */ = {isa = PBXBuildFile; fileRef = 044C626C11D1AFB3009D8BA3 /* ServiceDetailView.xib */; };
		044C627111D1AFDF009D8BA3 /* ServiceDetailViewController.m in Sources */ = {isa = PBXBuildFile; fileRef = 044C627011D1AFDF009D8BA3 /* ServiceDetailViewController.m */; };
		044C628E11D1B23B009D8BA3 /* Line.m in Sources */ = {isa = PBXBuildFile; fileRef = 044C628D11D1B23B009D8BA3 /* Line.m */; };
		045046751265EE59001938F2 /* Default.png in Resources */ = {isa = PBXBuildFile; fileRef = 045046741265EE59001938F2 /* Default.png */; };
		04548CE312D2744F00DCA3C6 /* CustomView.m in Sources */ = {isa = PBXBuildFile; fileRef = 04548CE012D2744F00DCA3C6 /* CustomView.m */; };
		04548CE412D2744F00DCA3C6 /* CustomPickerDataSource.m in Sources */ = {isa = PBXBuildFile; fileRef = 04548CE212D2744F00DCA3C6 /* CustomPickerDataSource.m */; };
		046EEE731266646400CCF5DC /* rail_icon.png in Resources */ = {isa = PBXBuildFile; fileRef = 046EEE721266646400CCF5DC /* rail_icon.png */; };
		046EEE751266646D00CCF5DC /* map.png in Resources */ = {isa = PBXBuildFile; fileRef = 046EEE741266646D00CCF5DC /* map.png */; };
		046F3CB71208B589006FE7B1 /* SimpleTiledScrollExampleViewController.xib in Resources */ = {isa = PBXBuildFile; fileRef = 046F3CB61208B589006FE7B1 /* SimpleTiledScrollExampleViewController.xib */; };
		0485F8131203C9C5001B676C /* MapsViewController.m in Sources */ = {isa = PBXBuildFile; fileRef = 0485F8111203C9C5001B676C /* MapsViewController.m */; };
		0485F8141203C9C5001B676C /* MapsViewController.xib in Resources */ = {isa = PBXBuildFile; fileRef = 0485F8121203C9C5001B676C /* MapsViewController.xib */; };
		04977BAE12F60FC900E74FF3 /* Icon-72.png in Resources */ = {isa = PBXBuildFile; fileRef = 04977BAD12F60FC900E74FF3 /* Icon-72.png */; };
		04998C27126E5AB700B44A51 /* TapDetectingImageView.m in Sources */ = {isa = PBXBuildFile; fileRef = 04998C26126E5AB700B44A51 /* TapDetectingImageView.m */; };
		04B0260011DACFBE00DC97E2 /* RailsViewController.m in Sources */ = {isa = PBXBuildFile; fileRef = 04B025FE11DACFBE00DC97E2 /* RailsViewController.m */; };
		04B0260111DACFBE00DC97E2 /* RailsViewController.xib in Resources */ = {isa = PBXBuildFile; fileRef = 04B025FF11DACFBE00DC97E2 /* RailsViewController.xib */; };
		04B25A8212A5815200C8352D /* FavoriteLinesManager.m in Sources */ = {isa = PBXBuildFile; fileRef = 04B25A8012A5815200C8352D /* FavoriteLinesManager.m */; };
		04B25A8312A5815200C8352D /* FavoriteLinesManager.xib in Resources */ = {isa = PBXBuildFile; fileRef = 04B25A8112A5815200C8352D /* FavoriteLinesManager.xib */; };
		04BE0C8212A4679300E3F354 /* LineFavorites.m in Sources */ = {isa = PBXBuildFile; fileRef = 04BE0C8012A4679300E3F354 /* LineFavorites.m */; };
		04BE0C8312A4679300E3F354 /* LineFavorites.xib in Resources */ = {isa = PBXBuildFile; fileRef = 04BE0C8112A4679300E3F354 /* LineFavorites.xib */; };
		04CCD1961212E59700815D86 /* CustomCell.xib in Resources */ = {isa = PBXBuildFile; fileRef = 04CCD1951212E59700815D86 /* CustomCell.xib */; };
		04CCD1991212E5A100815D86 /* CustomCell.m in Sources */ = {isa = PBXBuildFile; fileRef = 04CCD1981212E5A100815D86 /* CustomCell.m */; };
		04E2728312F1EC3100869C63 /* busPickerIcon.png in Resources */ = {isa = PBXBuildFile; fileRef = 04E2727F12F1EC3100869C63 /* busPickerIcon.png */; };
		04E2728412F1EC3100869C63 /* LIRRPickerIcon.png in Resources */ = {isa = PBXBuildFile; fileRef = 04E2728012F1EC3100869C63 /* LIRRPickerIcon.png */; };
		04E2728512F1EC3100869C63 /* metronorthPickerIcon.png in Resources */ = {isa = PBXBuildFile; fileRef = 04E2728112F1EC3100869C63 /* metronorthPickerIcon.png */; };
		04E2729512F1ECC700869C63 /* bridgesTunnelsPickerIcon.png in Resources */ = {isa = PBXBuildFile; fileRef = 04E2729412F1ECC700869C63 /* bridgesTunnelsPickerIcon.png */; };
		04EB019711CD611700994BBA /* AudioToolbox.framework in Frameworks */ = {isa = PBXBuildFile; fileRef = 04EB019611CD611700994BBA /* AudioToolbox.framework */; };
		04EB01DA11CD68E100994BBA /* CoreLocation.framework in Frameworks */ = {isa = PBXBuildFile; fileRef = 04EB01D911CD68E100994BBA /* CoreLocation.framework */; };
		0F130E7B18FD9C5400DB2521 /* Default-568h@2x.png in Resources */ = {isa = PBXBuildFile; fileRef = 0F130E7A18FD9C5400DB2521 /* Default-568h@2x.png */; };
		0F130E7D18FD9DD500DB2521 /* Default@2x.png in Resources */ = {isa = PBXBuildFile; fileRef = 0F130E7C18FD9DD500DB2521 /* Default@2x.png */; };
		0F130E7F18FDA04700DB2521 /* Icon~iphone.png in Resources */ = {isa = PBXBuildFile; fileRef = 0F130E7E18FDA04700DB2521 /* Icon~iphone.png */; };
		0F130E8118FDA09300DB2521 /* Images.xcassets in Resources */ = {isa = PBXBuildFile; fileRef = 0F130E8018FDA09300DB2521 /* Images.xcassets */; };
		0F130E8518FDA26700DB2521 /* Icon@2x~iphone.png in Resources */ = {isa = PBXBuildFile; fileRef = 0F130E8418FDA26700DB2521 /* Icon@2x~iphone.png */; };
		0F5D2EC119F8093E00436C13 /* subwaymap-September14-4000.jpg in Resources */ = {isa = PBXBuildFile; fileRef = 0F5D2EC019F8093E00436C13 /* subwaymap-September14-4000.jpg */; };
		0F5D2EC919F84FA900436C13 /* libFlurry_5.4.0.a in Frameworks */ = {isa = PBXBuildFile; fileRef = 0F5D2EC819F84FA900436C13 /* libFlurry_5.4.0.a */; };
		0FD3EA5618DB732F001B87ED /* SystemConfiguration.framework in Frameworks */ = {isa = PBXBuildFile; fileRef = 0FD3EA5518DB732F001B87ED /* SystemConfiguration.framework */; };
		0FD3EA6818DB7813001B87ED /* Security.framework in Frameworks */ = {isa = PBXBuildFile; fileRef = 0FD3EA6718DB7813001B87ED /* Security.framework */; };
		0FD3EFC518DB79BE001B87ED /* .gitignore in Resources */ = {isa = PBXBuildFile; fileRef = 0FD3EFA518DB79BE001B87ED /* .gitignore */; };
		0FD3EFC618DB79BE001B87ED /* .travis.yml in Resources */ = {isa = PBXBuildFile; fileRef = 0FD3EFA618DB79BE001B87ED /* .travis.yml */; };
		0FD3EFC718DB79BE001B87ED /* CXMLDocument_CreationExtensions.m in Sources */ = {isa = PBXBuildFile; fileRef = 0FD3EFAA18DB79BE001B87ED /* CXMLDocument_CreationExtensions.m */; };
		0FD3EFC818DB79BE001B87ED /* CXMLNode_CreationExtensions.m in Sources */ = {isa = PBXBuildFile; fileRef = 0FD3EFAC18DB79BE001B87ED /* CXMLNode_CreationExtensions.m */; };
		0FD3EFC918DB79BE001B87ED /* CXHTMLDocument.m in Sources */ = {isa = PBXBuildFile; fileRef = 0FD3EFAE18DB79BE001B87ED /* CXHTMLDocument.m */; };
		0FD3EFCA18DB79BE001B87ED /* CXMLDocument.m in Sources */ = {isa = PBXBuildFile; fileRef = 0FD3EFB018DB79BE001B87ED /* CXMLDocument.m */; };
		0FD3EFCB18DB79BE001B87ED /* CXMLDocument_PrivateExtensions.m in Sources */ = {isa = PBXBuildFile; fileRef = 0FD3EFB218DB79BE001B87ED /* CXMLDocument_PrivateExtensions.m */; };
		0FD3EFCC18DB79BE001B87ED /* CXMLElement.m in Sources */ = {isa = PBXBuildFile; fileRef = 0FD3EFB418DB79BE001B87ED /* CXMLElement.m */; };
		0FD3EFCD18DB79BE001B87ED /* CXMLElement_CreationExtensions.m in Sources */ = {isa = PBXBuildFile; fileRef = 0FD3EFB618DB79BE001B87ED /* CXMLElement_CreationExtensions.m */; };
		0FD3EFCE18DB79BE001B87ED /* CXMLElement_ElementTreeExtensions.m in Sources */ = {isa = PBXBuildFile; fileRef = 0FD3EFB818DB79BE001B87ED /* CXMLElement_ElementTreeExtensions.m */; };
		0FD3EFCF18DB79BE001B87ED /* CXMLNamespaceNode.m in Sources */ = {isa = PBXBuildFile; fileRef = 0FD3EFBA18DB79BE001B87ED /* CXMLNamespaceNode.m */; };
		0FD3EFD018DB79BE001B87ED /* CXMLNode.m in Sources */ = {isa = PBXBuildFile; fileRef = 0FD3EFBC18DB79BE001B87ED /* CXMLNode.m */; };
		0FD3EFD118DB79BE001B87ED /* CXMLNode_PrivateExtensions.m in Sources */ = {isa = PBXBuildFile; fileRef = 0FD3EFBE18DB79BE001B87ED /* CXMLNode_PrivateExtensions.m */; };
		0FD3EFD218DB79BE001B87ED /* CXMLNode_XPathExtensions.m in Sources */ = {isa = PBXBuildFile; fileRef = 0FD3EFC018DB79BE001B87ED /* CXMLNode_XPathExtensions.m */; };
		0FD3EFD318DB79BE001B87ED /* CTidy.m in Sources */ = {isa = PBXBuildFile; fileRef = 0FD3EFC318DB79BE001B87ED /* CTidy.m */; };
		0FED5ABF18FDB8DA00F62FB6 /* Icon@2x~ipad.png in Resources */ = {isa = PBXBuildFile; fileRef = 0FED5ABD18FDB8DA00F62FB6 /* Icon@2x~ipad.png */; };
		0FED5AC118FDB92000F62FB6 /* Icon~ipad.png in Resources */ = {isa = PBXBuildFile; fileRef = 0FED5AC018FDB92000F62FB6 /* Icon~ipad.png */; };
		0FED5AC318FDBDC500F62FB6 /* Icon-72@2x.png in Resources */ = {isa = PBXBuildFile; fileRef = 0FED5AC218FDBDC500F62FB6 /* Icon-72@2x.png */; };
		1D3623260D0F684500981E51 /* TabAppDelegate.m in Sources */ = {isa = PBXBuildFile; fileRef = 1D3623250D0F684500981E51 /* TabAppDelegate.m */; };
		1D60589B0D05DD56006BFB54 /* main.m in Sources */ = {isa = PBXBuildFile; fileRef = 29B97316FDCFA39411CA2CEA /* main.m */; };
		1D60589F0D05DD5A006BFB54 /* Foundation.framework in Frameworks */ = {isa = PBXBuildFile; fileRef = 1D30AB110D05D00D00671497 /* Foundation.framework */; };
		1DF5F4E00D08C38300B7A737 /* UIKit.framework in Frameworks */ = {isa = PBXBuildFile; fileRef = 1DF5F4DF0D08C38300B7A737 /* UIKit.framework */; settings = {ATTRIBUTES = (Weak, ); }; };
		288765FD0DF74451002DB57D /* CoreGraphics.framework in Frameworks */ = {isa = PBXBuildFile; fileRef = 288765FC0DF74451002DB57D /* CoreGraphics.framework */; };
		28AD733F0D9D9553002E5188 /* MainWindow.xib in Resources */ = {isa = PBXBuildFile; fileRef = 28AD733E0D9D9553002E5188 /* MainWindow.xib */; };
/* End PBXBuildFile section */

/* Begin PBXFileReference section */
		0421AE6C1277946F007A56F8 /* Entitlements.plist */ = {isa = PBXFileReference; fileEncoding = 4; lastKnownFileType = text.plist.xml; path = Entitlements.plist; sourceTree = "<group>"; };
		0421AF381277A106007A56F8 /* Icon.png */ = {isa = PBXFileReference; lastKnownFileType = image.png; path = Icon.png; sourceTree = "<group>"; };
		0421AF6B1277A3F6007A56F8 /* Icon@2x.png */ = {isa = PBXFileReference; lastKnownFileType = image.png; path = "Icon@2x.png"; sourceTree = "<group>"; };
		0430E82711E36701007B92A4 /* 7.png */ = {isa = PBXFileReference; lastKnownFileType = image.png; path = 7.png; sourceTree = "<group>"; };
		0430E82811E36701007B92A4 /* 123.png */ = {isa = PBXFileReference; lastKnownFileType = image.png; path = 123.png; sourceTree = "<group>"; };
		0430E82911E36701007B92A4 /* 456.png */ = {isa = PBXFileReference; lastKnownFileType = image.png; path = 456.png; sourceTree = "<group>"; };
		0430E82A11E36701007B92A4 /* ACE.png */ = {isa = PBXFileReference; lastKnownFileType = image.png; path = ACE.png; sourceTree = "<group>"; };
		0430E82B11E36701007B92A4 /* BDFM.png */ = {isa = PBXFileReference; lastKnownFileType = image.png; path = BDFM.png; sourceTree = "<group>"; };
		0430E82C11E36701007B92A4 /* G.png */ = {isa = PBXFileReference; lastKnownFileType = image.png; path = G.png; sourceTree = "<group>"; };
		0430E82D11E36701007B92A4 /* JZ.png */ = {isa = PBXFileReference; lastKnownFileType = image.png; path = JZ.png; sourceTree = "<group>"; };
		0430E82E11E36701007B92A4 /* L.png */ = {isa = PBXFileReference; lastKnownFileType = image.png; path = L.png; sourceTree = "<group>"; };
		0430E82F11E36701007B92A4 /* NQR.png */ = {isa = PBXFileReference; lastKnownFileType = image.png; path = NQR.png; sourceTree = "<group>"; };
		0430E83011E36701007B92A4 /* S.png */ = {isa = PBXFileReference; lastKnownFileType = image.png; path = S.png; sourceTree = "<group>"; };
		0430E83111E36701007B92A4 /* SIR.png */ = {isa = PBXFileReference; lastKnownFileType = image.png; path = SIR.png; sourceTree = "<group>"; };
		043999F31204A22D00A74860 /* MapTableViewController.xib */ = {isa = PBXFileReference; lastKnownFileType = file.xib; name = MapTableViewController.xib; path = Classes/MapTableViewController.xib; sourceTree = "<group>"; };
		0447BD3C1208CD810074EA25 /* MapDetailViewController.xib */ = {isa = PBXFileReference; lastKnownFileType = file.xib; path = MapDetailViewController.xib; sourceTree = "<group>"; };
		0447BD5C1208CE180074EA25 /* QuartzCore.framework */ = {isa = PBXFileReference; lastKnownFileType = wrapper.framework; name = QuartzCore.framework; path = System/Library/Frameworks/QuartzCore.framework; sourceTree = SDKROOT; };
		044C626C11D1AFB3009D8BA3 /* ServiceDetailView.xib */ = {isa = PBXFileReference; lastKnownFileType = file.xib; path = ServiceDetailView.xib; sourceTree = "<group>"; };
		044C626F11D1AFDF009D8BA3 /* ServiceDetailViewController.h */ = {isa = PBXFileReference; fileEncoding = 4; lastKnownFileType = sourcecode.c.h; path = ServiceDetailViewController.h; sourceTree = "<group>"; };
		044C627011D1AFDF009D8BA3 /* ServiceDetailViewController.m */ = {isa = PBXFileReference; fileEncoding = 4; lastKnownFileType = sourcecode.c.objc; path = ServiceDetailViewController.m; sourceTree = "<group>"; };
		044C628C11D1B23B009D8BA3 /* Line.h */ = {isa = PBXFileReference; fileEncoding = 4; lastKnownFileType = sourcecode.c.h; path = Line.h; sourceTree = "<group>"; };
		044C628D11D1B23B009D8BA3 /* Line.m */ = {isa = PBXFileReference; fileEncoding = 4; lastKnownFileType = sourcecode.c.objc; path = Line.m; sourceTree = "<group>"; };
		045046741265EE59001938F2 /* Default.png */ = {isa = PBXFileReference; lastKnownFileType = image.png; path = Default.png; sourceTree = "<group>"; };
		04548CDF12D2744F00DCA3C6 /* CustomView.h */ = {isa = PBXFileReference; fileEncoding = 4; lastKnownFileType = sourcecode.c.h; path = CustomView.h; sourceTree = "<group>"; };
		04548CE012D2744F00DCA3C6 /* CustomView.m */ = {isa = PBXFileReference; fileEncoding = 4; lastKnownFileType = sourcecode.c.objc; path = CustomView.m; sourceTree = "<group>"; };
		04548CE112D2744F00DCA3C6 /* CustomPickerDataSource.h */ = {isa = PBXFileReference; fileEncoding = 4; lastKnownFileType = sourcecode.c.h; path = CustomPickerDataSource.h; sourceTree = "<group>"; };
		04548CE212D2744F00DCA3C6 /* CustomPickerDataSource.m */ = {isa = PBXFileReference; fileEncoding = 4; lastKnownFileType = sourcecode.c.objc; path = CustomPickerDataSource.m; sourceTree = "<group>"; };
		046EEE721266646400CCF5DC /* rail_icon.png */ = {isa = PBXFileReference; lastKnownFileType = image.png; path = rail_icon.png; sourceTree = "<group>"; };
		046EEE741266646D00CCF5DC /* map.png */ = {isa = PBXFileReference; lastKnownFileType = image.png; path = map.png; sourceTree = "<group>"; };
		046F3CB61208B589006FE7B1 /* SimpleTiledScrollExampleViewController.xib */ = {isa = PBXFileReference; lastKnownFileType = file.xib; path = SimpleTiledScrollExampleViewController.xib; sourceTree = "<group>"; };
		0485F8101203C9C5001B676C /* MapsViewController.h */ = {isa = PBXFileReference; fileEncoding = 4; lastKnownFileType = sourcecode.c.h; path = MapsViewController.h; sourceTree = "<group>"; };
		0485F8111203C9C5001B676C /* MapsViewController.m */ = {isa = PBXFileReference; fileEncoding = 4; lastKnownFileType = sourcecode.c.objc; path = MapsViewController.m; sourceTree = "<group>"; };
		0485F8121203C9C5001B676C /* MapsViewController.xib */ = {isa = PBXFileReference; lastKnownFileType = file.xib; name = MapsViewController.xib; path = Classes/MapsViewController.xib; sourceTree = "<group>"; };
		0485F8711203D058001B676C /* Constants.h */ = {isa = PBXFileReference; fileEncoding = 4; lastKnownFileType = sourcecode.c.h; path = Constants.h; sourceTree = "<group>"; };
		04977BAD12F60FC900E74FF3 /* Icon-72.png */ = {isa = PBXFileReference; lastKnownFileType = image.png; path = "Icon-72.png"; sourceTree = "<group>"; };
		04998C25126E5AB700B44A51 /* TapDetectingImageView.h */ = {isa = PBXFileReference; fileEncoding = 4; lastKnownFileType = sourcecode.c.h; path = TapDetectingImageView.h; sourceTree = "<group>"; };
		04998C26126E5AB700B44A51 /* TapDetectingImageView.m */ = {isa = PBXFileReference; fileEncoding = 4; lastKnownFileType = sourcecode.c.objc; path = TapDetectingImageView.m; sourceTree = "<group>"; };
		04B025FD11DACFBE00DC97E2 /* RailsViewController.h */ = {isa = PBXFileReference; fileEncoding = 4; lastKnownFileType = sourcecode.c.h; path = RailsViewController.h; sourceTree = "<group>"; };
		04B025FE11DACFBE00DC97E2 /* RailsViewController.m */ = {isa = PBXFileReference; fileEncoding = 4; lastKnownFileType = sourcecode.c.objc; path = RailsViewController.m; sourceTree = "<group>"; };
		04B025FF11DACFBE00DC97E2 /* RailsViewController.xib */ = {isa = PBXFileReference; lastKnownFileType = file.xib; name = RailsViewController.xib; path = Classes/RailsViewController.xib; sourceTree = "<group>"; };
		04B25A7F12A5815200C8352D /* FavoriteLinesManager.h */ = {isa = PBXFileReference; fileEncoding = 4; lastKnownFileType = sourcecode.c.h; path = FavoriteLinesManager.h; sourceTree = "<group>"; };
		04B25A8012A5815200C8352D /* FavoriteLinesManager.m */ = {isa = PBXFileReference; fileEncoding = 4; lastKnownFileType = sourcecode.c.objc; path = FavoriteLinesManager.m; sourceTree = "<group>"; };
		04B25A8112A5815200C8352D /* FavoriteLinesManager.xib */ = {isa = PBXFileReference; lastKnownFileType = file.xib; name = FavoriteLinesManager.xib; path = Classes/FavoriteLinesManager.xib; sourceTree = "<group>"; };
		04BE0C7F12A4679300E3F354 /* LineFavorites.h */ = {isa = PBXFileReference; fileEncoding = 4; lastKnownFileType = sourcecode.c.h; path = LineFavorites.h; sourceTree = "<group>"; };
		04BE0C8012A4679300E3F354 /* LineFavorites.m */ = {isa = PBXFileReference; fileEncoding = 4; lastKnownFileType = sourcecode.c.objc; path = LineFavorites.m; sourceTree = "<group>"; };
		04BE0C8112A4679300E3F354 /* LineFavorites.xib */ = {isa = PBXFileReference; lastKnownFileType = file.xib; name = LineFavorites.xib; path = Classes/LineFavorites.xib; sourceTree = "<group>"; };
		04CCD1951212E59700815D86 /* CustomCell.xib */ = {isa = PBXFileReference; lastKnownFileType = file.xib; path = CustomCell.xib; sourceTree = "<group>"; };
		04CCD1971212E5A100815D86 /* CustomCell.h */ = {isa = PBXFileReference; fileEncoding = 4; lastKnownFileType = sourcecode.c.h; path = CustomCell.h; sourceTree = "<group>"; };
		04CCD1981212E5A100815D86 /* CustomCell.m */ = {isa = PBXFileReference; fileEncoding = 4; lastKnownFileType = sourcecode.c.objc; path = CustomCell.m; sourceTree = "<group>"; };
		04E2727F12F1EC3100869C63 /* busPickerIcon.png */ = {isa = PBXFileReference; lastKnownFileType = image.png; path = busPickerIcon.png; sourceTree = "<group>"; };
		04E2728012F1EC3100869C63 /* LIRRPickerIcon.png */ = {isa = PBXFileReference; lastKnownFileType = image.png; path = LIRRPickerIcon.png; sourceTree = "<group>"; };
		04E2728112F1EC3100869C63 /* metronorthPickerIcon.png */ = {isa = PBXFileReference; lastKnownFileType = image.png; path = metronorthPickerIcon.png; sourceTree = "<group>"; };
		04E2729412F1ECC700869C63 /* bridgesTunnelsPickerIcon.png */ = {isa = PBXFileReference; lastKnownFileType = image.png; path = bridgesTunnelsPickerIcon.png; sourceTree = "<group>"; };
		04EB019611CD611700994BBA /* AudioToolbox.framework */ = {isa = PBXFileReference; lastKnownFileType = wrapper.framework; name = AudioToolbox.framework; path = System/Library/Frameworks/AudioToolbox.framework; sourceTree = SDKROOT; };
		04EB01D911CD68E100994BBA /* CoreLocation.framework */ = {isa = PBXFileReference; lastKnownFileType = wrapper.framework; name = CoreLocation.framework; path = System/Library/Frameworks/CoreLocation.framework; sourceTree = SDKROOT; };
		0F130E7A18FD9C5400DB2521 /* Default-568h@2x.png */ = {isa = PBXFileReference; lastKnownFileType = image.png; path = "Default-568h@2x.png"; sourceTree = "<group>"; };
		0F130E7C18FD9DD500DB2521 /* Default@2x.png */ = {isa = PBXFileReference; lastKnownFileType = image.png; path = "Default@2x.png"; sourceTree = "<group>"; };
		0F130E7E18FDA04700DB2521 /* Icon~iphone.png */ = {isa = PBXFileReference; lastKnownFileType = image.png; path = "Icon~iphone.png"; sourceTree = "<group>"; };
		0F130E8018FDA09300DB2521 /* Images.xcassets */ = {isa = PBXFileReference; lastKnownFileType = folder.assetcatalog; name = Images.xcassets; path = rideOnTime/Images.xcassets; sourceTree = "<group>"; };
		0F130E8418FDA26700DB2521 /* Icon@2x~iphone.png */ = {isa = PBXFileReference; lastKnownFileType = image.png; path = "Icon@2x~iphone.png"; sourceTree = "<group>"; };
		0F5D2EC019F8093E00436C13 /* subwaymap-September14-4000.jpg */ = {isa = PBXFileReference; lastKnownFileType = image.jpeg; path = "subwaymap-September14-4000.jpg"; sourceTree = "<group>"; };
		0F5D2EC719F84FA900436C13 /* Flurry.h */ = {isa = PBXFileReference; fileEncoding = 4; lastKnownFileType = sourcecode.c.h; path = Flurry.h; sourceTree = "<group>"; };
		0F5D2EC819F84FA900436C13 /* libFlurry_5.4.0.a */ = {isa = PBXFileReference; lastKnownFileType = archive.ar; path = libFlurry_5.4.0.a; sourceTree = "<group>"; };
		0FD3EA5518DB732F001B87ED /* SystemConfiguration.framework */ = {isa = PBXFileReference; lastKnownFileType = wrapper.framework; name = SystemConfiguration.framework; path = System/Library/Frameworks/SystemConfiguration.framework; sourceTree = SDKROOT; };
		0FD3EA6718DB7813001B87ED /* Security.framework */ = {isa = PBXFileReference; lastKnownFileType = wrapper.framework; name = Security.framework; path = System/Library/Frameworks/Security.framework; sourceTree = SDKROOT; };
		0FD3EFA518DB79BE001B87ED /* .gitignore */ = {isa = PBXFileReference; fileEncoding = 4; lastKnownFileType = text; path = .gitignore; sourceTree = "<group>"; };
		0FD3EFA618DB79BE001B87ED /* .travis.yml */ = {isa = PBXFileReference; fileEncoding = 4; lastKnownFileType = text; path = .travis.yml; sourceTree = "<group>"; };
		0FD3EFA918DB79BE001B87ED /* CXMLDocument_CreationExtensions.h */ = {isa = PBXFileReference; fileEncoding = 4; lastKnownFileType = sourcecode.c.h; path = CXMLDocument_CreationExtensions.h; sourceTree = "<group>"; };
		0FD3EFAA18DB79BE001B87ED /* CXMLDocument_CreationExtensions.m */ = {isa = PBXFileReference; fileEncoding = 4; lastKnownFileType = sourcecode.c.objc; path = CXMLDocument_CreationExtensions.m; sourceTree = "<group>"; };
		0FD3EFAB18DB79BE001B87ED /* CXMLNode_CreationExtensions.h */ = {isa = PBXFileReference; fileEncoding = 4; lastKnownFileType = sourcecode.c.h; path = CXMLNode_CreationExtensions.h; sourceTree = "<group>"; };
		0FD3EFAC18DB79BE001B87ED /* CXMLNode_CreationExtensions.m */ = {isa = PBXFileReference; fileEncoding = 4; lastKnownFileType = sourcecode.c.objc; path = CXMLNode_CreationExtensions.m; sourceTree = "<group>"; };
		0FD3EFAD18DB79BE001B87ED /* CXHTMLDocument.h */ = {isa = PBXFileReference; fileEncoding = 4; lastKnownFileType = sourcecode.c.h; path = CXHTMLDocument.h; sourceTree = "<group>"; };
		0FD3EFAE18DB79BE001B87ED /* CXHTMLDocument.m */ = {isa = PBXFileReference; fileEncoding = 4; lastKnownFileType = sourcecode.c.objc; path = CXHTMLDocument.m; sourceTree = "<group>"; };
		0FD3EFAF18DB79BE001B87ED /* CXMLDocument.h */ = {isa = PBXFileReference; fileEncoding = 4; lastKnownFileType = sourcecode.c.h; path = CXMLDocument.h; sourceTree = "<group>"; };
		0FD3EFB018DB79BE001B87ED /* CXMLDocument.m */ = {isa = PBXFileReference; fileEncoding = 4; lastKnownFileType = sourcecode.c.objc; path = CXMLDocument.m; sourceTree = "<group>"; };
		0FD3EFB118DB79BE001B87ED /* CXMLDocument_PrivateExtensions.h */ = {isa = PBXFileReference; fileEncoding = 4; lastKnownFileType = sourcecode.c.h; path = CXMLDocument_PrivateExtensions.h; sourceTree = "<group>"; };
		0FD3EFB218DB79BE001B87ED /* CXMLDocument_PrivateExtensions.m */ = {isa = PBXFileReference; fileEncoding = 4; lastKnownFileType = sourcecode.c.objc; path = CXMLDocument_PrivateExtensions.m; sourceTree = "<group>"; };
		0FD3EFB318DB79BE001B87ED /* CXMLElement.h */ = {isa = PBXFileReference; fileEncoding = 4; lastKnownFileType = sourcecode.c.h; path = CXMLElement.h; sourceTree = "<group>"; };
		0FD3EFB418DB79BE001B87ED /* CXMLElement.m */ = {isa = PBXFileReference; fileEncoding = 4; lastKnownFileType = sourcecode.c.objc; path = CXMLElement.m; sourceTree = "<group>"; };
		0FD3EFB518DB79BE001B87ED /* CXMLElement_CreationExtensions.h */ = {isa = PBXFileReference; fileEncoding = 4; lastKnownFileType = sourcecode.c.h; path = CXMLElement_CreationExtensions.h; sourceTree = "<group>"; };
		0FD3EFB618DB79BE001B87ED /* CXMLElement_CreationExtensions.m */ = {isa = PBXFileReference; fileEncoding = 4; lastKnownFileType = sourcecode.c.objc; path = CXMLElement_CreationExtensions.m; sourceTree = "<group>"; };
		0FD3EFB718DB79BE001B87ED /* CXMLElement_ElementTreeExtensions.h */ = {isa = PBXFileReference; fileEncoding = 4; lastKnownFileType = sourcecode.c.h; path = CXMLElement_ElementTreeExtensions.h; sourceTree = "<group>"; };
		0FD3EFB818DB79BE001B87ED /* CXMLElement_ElementTreeExtensions.m */ = {isa = PBXFileReference; fileEncoding = 4; lastKnownFileType = sourcecode.c.objc; path = CXMLElement_ElementTreeExtensions.m; sourceTree = "<group>"; };
		0FD3EFB918DB79BE001B87ED /* CXMLNamespaceNode.h */ = {isa = PBXFileReference; fileEncoding = 4; lastKnownFileType = sourcecode.c.h; path = CXMLNamespaceNode.h; sourceTree = "<group>"; };
		0FD3EFBA18DB79BE001B87ED /* CXMLNamespaceNode.m */ = {isa = PBXFileReference; fileEncoding = 4; lastKnownFileType = sourcecode.c.objc; path = CXMLNamespaceNode.m; sourceTree = "<group>"; };
		0FD3EFBB18DB79BE001B87ED /* CXMLNode.h */ = {isa = PBXFileReference; fileEncoding = 4; lastKnownFileType = sourcecode.c.h; path = CXMLNode.h; sourceTree = "<group>"; };
		0FD3EFBC18DB79BE001B87ED /* CXMLNode.m */ = {isa = PBXFileReference; fileEncoding = 4; lastKnownFileType = sourcecode.c.objc; path = CXMLNode.m; sourceTree = "<group>"; };
		0FD3EFBD18DB79BE001B87ED /* CXMLNode_PrivateExtensions.h */ = {isa = PBXFileReference; fileEncoding = 4; lastKnownFileType = sourcecode.c.h; path = CXMLNode_PrivateExtensions.h; sourceTree = "<group>"; };
		0FD3EFBE18DB79BE001B87ED /* CXMLNode_PrivateExtensions.m */ = {isa = PBXFileReference; fileEncoding = 4; lastKnownFileType = sourcecode.c.objc; path = CXMLNode_PrivateExtensions.m; sourceTree = "<group>"; };
		0FD3EFBF18DB79BE001B87ED /* CXMLNode_XPathExtensions.h */ = {isa = PBXFileReference; fileEncoding = 4; lastKnownFileType = sourcecode.c.h; path = CXMLNode_XPathExtensions.h; sourceTree = "<group>"; };
		0FD3EFC018DB79BE001B87ED /* CXMLNode_XPathExtensions.m */ = {isa = PBXFileReference; fileEncoding = 4; lastKnownFileType = sourcecode.c.objc; path = CXMLNode_XPathExtensions.m; sourceTree = "<group>"; };
		0FD3EFC218DB79BE001B87ED /* CTidy.h */ = {isa = PBXFileReference; fileEncoding = 4; lastKnownFileType = sourcecode.c.h; path = CTidy.h; sourceTree = "<group>"; };
		0FD3EFC318DB79BE001B87ED /* CTidy.m */ = {isa = PBXFileReference; fileEncoding = 4; lastKnownFileType = sourcecode.c.objc; path = CTidy.m; sourceTree = "<group>"; };
		0FD3EFC418DB79BE001B87ED /* TouchXML.h */ = {isa = PBXFileReference; fileEncoding = 4; lastKnownFileType = sourcecode.c.h; path = TouchXML.h; sourceTree = "<group>"; };
		0FED5ABD18FDB8DA00F62FB6 /* Icon@2x~ipad.png */ = {isa = PBXFileReference; lastKnownFileType = image.png; path = "Icon@2x~ipad.png"; sourceTree = "<group>"; };
		0FED5AC018FDB92000F62FB6 /* Icon~ipad.png */ = {isa = PBXFileReference; lastKnownFileType = image.png; path = "Icon~ipad.png"; sourceTree = "<group>"; };
		0FED5AC218FDBDC500F62FB6 /* Icon-72@2x.png */ = {isa = PBXFileReference; lastKnownFileType = image.png; path = "Icon-72@2x.png"; sourceTree = "<group>"; };
		1D30AB110D05D00D00671497 /* Foundation.framework */ = {isa = PBXFileReference; lastKnownFileType = wrapper.framework; name = Foundation.framework; path = System/Library/Frameworks/Foundation.framework; sourceTree = SDKROOT; };
		1D3623240D0F684500981E51 /* TabAppDelegate.h */ = {isa = PBXFileReference; fileEncoding = 4; lastKnownFileType = sourcecode.c.h; path = TabAppDelegate.h; sourceTree = "<group>"; };
		1D3623250D0F684500981E51 /* TabAppDelegate.m */ = {isa = PBXFileReference; fileEncoding = 4; lastKnownFileType = sourcecode.c.objc; path = TabAppDelegate.m; sourceTree = "<group>"; };
		1D6058910D05DD3D006BFB54 /* rideOnTime.app */ = {isa = PBXFileReference; explicitFileType = wrapper.application; includeInIndex = 0; path = rideOnTime.app; sourceTree = BUILT_PRODUCTS_DIR; };
		1DF5F4DF0D08C38300B7A737 /* UIKit.framework */ = {isa = PBXFileReference; lastKnownFileType = wrapper.framework; name = UIKit.framework; path = System/Library/Frameworks/UIKit.framework; sourceTree = SDKROOT; };
		288765FC0DF74451002DB57D /* CoreGraphics.framework */ = {isa = PBXFileReference; lastKnownFileType = wrapper.framework; name = CoreGraphics.framework; path = System/Library/Frameworks/CoreGraphics.framework; sourceTree = SDKROOT; };
		28AD733E0D9D9553002E5188 /* MainWindow.xib */ = {isa = PBXFileReference; lastKnownFileType = file.xib; path = MainWindow.xib; sourceTree = "<group>"; };
		29B97316FDCFA39411CA2CEA /* main.m */ = {isa = PBXFileReference; fileEncoding = 4; lastKnownFileType = sourcecode.c.objc; path = main.m; sourceTree = "<group>"; };
		32CA4F630368D1EE00C91783 /* rideOnTime_Prefix.pch */ = {isa = PBXFileReference; fileEncoding = 4; lastKnownFileType = sourcecode.c.h; path = rideOnTime_Prefix.pch; sourceTree = "<group>"; };
		8D1107310486CEB800E47090 /* rideOnTime-Info.plist */ = {isa = PBXFileReference; fileEncoding = 4; lastKnownFileType = text.plist.xml; path = "rideOnTime-Info.plist"; plistStructureDefinitionIdentifier = "com.apple.xcode.plist.structure-definition.iphone.info-plist"; sourceTree = "<group>"; };
/* End PBXFileReference section */

/* Begin PBXFrameworksBuildPhase section */
		1D60588F0D05DD3D006BFB54 /* Frameworks */ = {
			isa = PBXFrameworksBuildPhase;
			buildActionMask = 2147483647;
			files = (
				0FD3EA6818DB7813001B87ED /* Security.framework in Frameworks */,
				0FD3EA5618DB732F001B87ED /* SystemConfiguration.framework in Frameworks */,
				1D60589F0D05DD5A006BFB54 /* Foundation.framework in Frameworks */,
				1DF5F4E00D08C38300B7A737 /* UIKit.framework in Frameworks */,
				288765FD0DF74451002DB57D /* CoreGraphics.framework in Frameworks */,
				04EB019711CD611700994BBA /* AudioToolbox.framework in Frameworks */,
				04EB01DA11CD68E100994BBA /* CoreLocation.framework in Frameworks */,
				0447BD5D1208CE180074EA25 /* QuartzCore.framework in Frameworks */,
				0F5D2EC919F84FA900436C13 /* libFlurry_5.4.0.a in Frameworks */,
			);
			runOnlyForDeploymentPostprocessing = 0;
		};
/* End PBXFrameworksBuildPhase section */

/* Begin PBXGroup section */
		04548CDE12D2744F00DCA3C6 /* Picker */ = {
			isa = PBXGroup;
			children = (
				04548CDF12D2744F00DCA3C6 /* CustomView.h */,
				04548CE012D2744F00DCA3C6 /* CustomView.m */,
				04548CE112D2744F00DCA3C6 /* CustomPickerDataSource.h */,
				04548CE212D2744F00DCA3C6 /* CustomPickerDataSource.m */,
			);
			name = Picker;
			sourceTree = "<group>";
		};
		0485F81B1203CAB5001B676C /* Images */ = {
			isa = PBXGroup;
			children = (
				0FED5ABD18FDB8DA00F62FB6 /* Icon@2x~ipad.png */,
				0430E82711E36701007B92A4 /* 7.png */,
				0F130E7A18FD9C5400DB2521 /* Default-568h@2x.png */,
				0F5D2EC019F8093E00436C13 /* subwaymap-September14-4000.jpg */,
				0FED5AC218FDBDC500F62FB6 /* Icon-72@2x.png */,
				0FED5AC018FDB92000F62FB6 /* Icon~ipad.png */,
				046EEE721266646400CCF5DC /* rail_icon.png */,
				0F130E8418FDA26700DB2521 /* Icon@2x~iphone.png */,
				0F130E7E18FDA04700DB2521 /* Icon~iphone.png */,
				04977BAD12F60FC900E74FF3 /* Icon-72.png */,
				0F130E7C18FD9DD500DB2521 /* Default@2x.png */,
				046EEE741266646D00CCF5DC /* map.png */,
				0430E82D11E36701007B92A4 /* JZ.png */,
				0430E82A11E36701007B92A4 /* ACE.png */,
				04E2727F12F1EC3100869C63 /* busPickerIcon.png */,
				04E2729412F1ECC700869C63 /* bridgesTunnelsPickerIcon.png */,
				04E2728012F1EC3100869C63 /* LIRRPickerIcon.png */,
				04E2728112F1EC3100869C63 /* metronorthPickerIcon.png */,
				0421AF6B1277A3F6007A56F8 /* Icon@2x.png */,
				0430E82C11E36701007B92A4 /* G.png */,
				0430E82F11E36701007B92A4 /* NQR.png */,
				0430E82811E36701007B92A4 /* 123.png */,
				0430E83011E36701007B92A4 /* S.png */,
				0421AF381277A106007A56F8 /* Icon.png */,
				045046741265EE59001938F2 /* Default.png */,
				0430E83111E36701007B92A4 /* SIR.png */,
				0430E82E11E36701007B92A4 /* L.png */,
				0430E82B11E36701007B92A4 /* BDFM.png */,
				0430E82911E36701007B92A4 /* 456.png */,
			);
			name = Images;
			sourceTree = "<group>";
		};
		080E96DDFE201D6D7F000001 /* Classes */ = {
			isa = PBXGroup;
			children = (
				1D3623240D0F684500981E51 /* TabAppDelegate.h */,
				0485F8711203D058001B676C /* Constants.h */,
				04998C25126E5AB700B44A51 /* TapDetectingImageView.h */,
				04548CDE12D2744F00DCA3C6 /* Picker */,
				04998C26126E5AB700B44A51 /* TapDetectingImageView.m */,
				1D3623250D0F684500981E51 /* TabAppDelegate.m */,
				044C628C11D1B23B009D8BA3 /* Line.h */,
				044C628D11D1B23B009D8BA3 /* Line.m */,
				044C626F11D1AFDF009D8BA3 /* ServiceDetailViewController.h */,
				04CCD1971212E5A100815D86 /* CustomCell.h */,
				04CCD1981212E5A100815D86 /* CustomCell.m */,
				044C627011D1AFDF009D8BA3 /* ServiceDetailViewController.m */,
				04B025FD11DACFBE00DC97E2 /* RailsViewController.h */,
				04B025FE11DACFBE00DC97E2 /* RailsViewController.m */,
				0485F8101203C9C5001B676C /* MapsViewController.h */,
				0485F8111203C9C5001B676C /* MapsViewController.m */,
				04BE0C7F12A4679300E3F354 /* LineFavorites.h */,
				04BE0C8012A4679300E3F354 /* LineFavorites.m */,
				04B25A7F12A5815200C8352D /* FavoriteLinesManager.h */,
				04B25A8012A5815200C8352D /* FavoriteLinesManager.m */,
			);
			path = Classes;
			sourceTree = "<group>";
		};
		0F5D2EC619F84FA900436C13 /* Flurry */ = {
			isa = PBXGroup;
			children = (
				0F5D2EC719F84FA900436C13 /* Flurry.h */,
				0F5D2EC819F84FA900436C13 /* libFlurry_5.4.0.a */,
			);
			path = Flurry;
			sourceTree = "<group>";
		};
		0FD3EFA418DB79BE001B87ED /* TouchXML-master */ = {
			isa = PBXGroup;
			children = (
				0FD3EFA518DB79BE001B87ED /* .gitignore */,
				0FD3EFA618DB79BE001B87ED /* .travis.yml */,
				0FD3EFA718DB79BE001B87ED /* Source */,
			);
			path = "TouchXML-master";
			sourceTree = "<group>";
		};
		0FD3EFA718DB79BE001B87ED /* Source */ = {
			isa = PBXGroup;
			children = (
				0FD3EFA818DB79BE001B87ED /* Creation */,
				0FD3EFAD18DB79BE001B87ED /* CXHTMLDocument.h */,
				0FD3EFAE18DB79BE001B87ED /* CXHTMLDocument.m */,
				0FD3EFAF18DB79BE001B87ED /* CXMLDocument.h */,
				0FD3EFB018DB79BE001B87ED /* CXMLDocument.m */,
				0FD3EFB118DB79BE001B87ED /* CXMLDocument_PrivateExtensions.h */,
				0FD3EFB218DB79BE001B87ED /* CXMLDocument_PrivateExtensions.m */,
				0FD3EFB318DB79BE001B87ED /* CXMLElement.h */,
				0FD3EFB418DB79BE001B87ED /* CXMLElement.m */,
				0FD3EFB518DB79BE001B87ED /* CXMLElement_CreationExtensions.h */,
				0FD3EFB618DB79BE001B87ED /* CXMLElement_CreationExtensions.m */,
				0FD3EFB718DB79BE001B87ED /* CXMLElement_ElementTreeExtensions.h */,
				0FD3EFB818DB79BE001B87ED /* CXMLElement_ElementTreeExtensions.m */,
				0FD3EFB918DB79BE001B87ED /* CXMLNamespaceNode.h */,
				0FD3EFBA18DB79BE001B87ED /* CXMLNamespaceNode.m */,
				0FD3EFBB18DB79BE001B87ED /* CXMLNode.h */,
				0FD3EFBC18DB79BE001B87ED /* CXMLNode.m */,
				0FD3EFBD18DB79BE001B87ED /* CXMLNode_PrivateExtensions.h */,
				0FD3EFBE18DB79BE001B87ED /* CXMLNode_PrivateExtensions.m */,
				0FD3EFBF18DB79BE001B87ED /* CXMLNode_XPathExtensions.h */,
				0FD3EFC018DB79BE001B87ED /* CXMLNode_XPathExtensions.m */,
				0FD3EFC118DB79BE001B87ED /* Tidy */,
				0FD3EFC418DB79BE001B87ED /* TouchXML.h */,
			);
			path = Source;
			sourceTree = "<group>";
		};
		0FD3EFA818DB79BE001B87ED /* Creation */ = {
			isa = PBXGroup;
			children = (
				0FD3EFA918DB79BE001B87ED /* CXMLDocument_CreationExtensions.h */,
				0FD3EFAA18DB79BE001B87ED /* CXMLDocument_CreationExtensions.m */,
				0FD3EFAB18DB79BE001B87ED /* CXMLNode_CreationExtensions.h */,
				0FD3EFAC18DB79BE001B87ED /* CXMLNode_CreationExtensions.m */,
			);
			path = Creation;
			sourceTree = "<group>";
		};
		0FD3EFC118DB79BE001B87ED /* Tidy */ = {
			isa = PBXGroup;
			children = (
				0FD3EFC218DB79BE001B87ED /* CTidy.h */,
				0FD3EFC318DB79BE001B87ED /* CTidy.m */,
			);
			path = Tidy;
			sourceTree = "<group>";
		};
		19C28FACFE9D520D11CA2CBB /* Products */ = {
			isa = PBXGroup;
			children = (
				1D6058910D05DD3D006BFB54 /* rideOnTime.app */,
			);
			name = Products;
			sourceTree = "<group>";
		};
		29B97314FDCFA39411CA2CEA /* CustomTemplate */ = {
			isa = PBXGroup;
			children = (
				0F5D2EC619F84FA900436C13 /* Flurry */,
				0FD3EFA418DB79BE001B87ED /* TouchXML-master */,
				080E96DDFE201D6D7F000001 /* Classes */,
				29B97315FDCFA39411CA2CEA /* Other Sources */,
				29B97317FDCFA39411CA2CEA /* Resources */,
				29B97323FDCFA39411CA2CEA /* Frameworks */,
				19C28FACFE9D520D11CA2CBB /* Products */,
				0421AE6C1277946F007A56F8 /* Entitlements.plist */,
			);
			name = CustomTemplate;
			sourceTree = "<group>";
		};
		29B97315FDCFA39411CA2CEA /* Other Sources */ = {
			isa = PBXGroup;
			children = (
				32CA4F630368D1EE00C91783 /* rideOnTime_Prefix.pch */,
				29B97316FDCFA39411CA2CEA /* main.m */,
			);
			name = "Other Sources";
			sourceTree = "<group>";
		};
		29B97317FDCFA39411CA2CEA /* Resources */ = {
			isa = PBXGroup;
			children = (
				0F130E8018FDA09300DB2521 /* Images.xcassets */,
				04B25A8112A5815200C8352D /* FavoriteLinesManager.xib */,
				04BE0C8112A4679300E3F354 /* LineFavorites.xib */,
				04CCD1951212E59700815D86 /* CustomCell.xib */,
				046F3CB61208B589006FE7B1 /* SimpleTiledScrollExampleViewController.xib */,
				043999F31204A22D00A74860 /* MapTableViewController.xib */,
				0485F8121203C9C5001B676C /* MapsViewController.xib */,
				0485F81B1203CAB5001B676C /* Images */,
				04B025FF11DACFBE00DC97E2 /* RailsViewController.xib */,
				28AD733E0D9D9553002E5188 /* MainWindow.xib */,
				8D1107310486CEB800E47090 /* rideOnTime-Info.plist */,
				044C626C11D1AFB3009D8BA3 /* ServiceDetailView.xib */,
				0447BD3C1208CD810074EA25 /* MapDetailViewController.xib */,
			);
			name = Resources;
			sourceTree = "<group>";
		};
		29B97323FDCFA39411CA2CEA /* Frameworks */ = {
			isa = PBXGroup;
			children = (
				0FD3EA6718DB7813001B87ED /* Security.framework */,
				0FD3EA5518DB732F001B87ED /* SystemConfiguration.framework */,
				1DF5F4DF0D08C38300B7A737 /* UIKit.framework */,
				1D30AB110D05D00D00671497 /* Foundation.framework */,
				288765FC0DF74451002DB57D /* CoreGraphics.framework */,
				04EB019611CD611700994BBA /* AudioToolbox.framework */,
				04EB01D911CD68E100994BBA /* CoreLocation.framework */,
				0447BD5C1208CE180074EA25 /* QuartzCore.framework */,
			);
			name = Frameworks;
			sourceTree = "<group>";
		};
/* End PBXGroup section */

/* Begin PBXNativeTarget section */
		1D6058900D05DD3D006BFB54 /* rideOnTime */ = {
			isa = PBXNativeTarget;
			buildConfigurationList = 1D6058960D05DD3E006BFB54 /* Build configuration list for PBXNativeTarget "rideOnTime" */;
			buildPhases = (
				1D60588D0D05DD3D006BFB54 /* Resources */,
				1D60588E0D05DD3D006BFB54 /* Sources */,
				1D60588F0D05DD3D006BFB54 /* Frameworks */,
			);
			buildRules = (
			);
			dependencies = (
			);
			name = rideOnTime;
			productName = Tab;
			productReference = 1D6058910D05DD3D006BFB54 /* rideOnTime.app */;
			productType = "com.apple.product-type.application";
		};
/* End PBXNativeTarget section */

/* Begin PBXProject section */
		29B97313FDCFA39411CA2CEA /* Project object */ = {
			isa = PBXProject;
			attributes = {
				LastUpgradeCheck = 0510;
				TargetAttributes = {
					1D6058900D05DD3D006BFB54 = {
						DevelopmentTeam = SBUWBN5J4E;
					};
				};
			};
			buildConfigurationList = C01FCF4E08A954540054247B /* Build configuration list for PBXProject "rideOnTime" */;
			compatibilityVersion = "Xcode 3.2";
			developmentRegion = English;
			hasScannedForEncodings = 1;
			knownRegions = (
				English,
				Japanese,
				French,
				German,
			);
			mainGroup = 29B97314FDCFA39411CA2CEA /* CustomTemplate */;
			projectDirPath = "";
			projectRoot = "";
			targets = (
				1D6058900D05DD3D006BFB54 /* rideOnTime */,
			);
		};
/* End PBXProject section */

/* Begin PBXResourcesBuildPhase section */
		1D60588D0D05DD3D006BFB54 /* Resources */ = {
			isa = PBXResourcesBuildPhase;
			buildActionMask = 2147483647;
			files = (
				0F130E8518FDA26700DB2521 /* Icon@2x~iphone.png in Resources */,
				28AD733F0D9D9553002E5188 /* MainWindow.xib in Resources */,
				044C626D11D1AFB3009D8BA3 /* ServiceDetailView.xib in Resources */,
				04B0260111DACFBE00DC97E2 /* RailsViewController.xib in Resources */,
				0430E83211E36701007B92A4 /* 7.png in Resources */,
				0FD3EFC518DB79BE001B87ED /* .gitignore in Resources */,
				0FD3EFC618DB79BE001B87ED /* .travis.yml in Resources */,
				0430E83311E36701007B92A4 /* 123.png in Resources */,
				0430E83411E36701007B92A4 /* 456.png in Resources */,
				0430E83511E36701007B92A4 /* ACE.png in Resources */,
				0430E83611E36701007B92A4 /* BDFM.png in Resources */,
				0430E83711E36701007B92A4 /* G.png in Resources */,
				0430E83811E36701007B92A4 /* JZ.png in Resources */,
				0F130E7D18FD9DD500DB2521 /* Default@2x.png in Resources */,
				0430E83911E36701007B92A4 /* L.png in Resources */,
				0430E83A11E36701007B92A4 /* NQR.png in Resources */,
				0F130E8118FDA09300DB2521 /* Images.xcassets in Resources */,
				0430E83B11E36701007B92A4 /* S.png in Resources */,
				0430E83C11E36701007B92A4 /* SIR.png in Resources */,
				0485F8141203C9C5001B676C /* MapsViewController.xib in Resources */,
				0FED5AC118FDB92000F62FB6 /* Icon~ipad.png in Resources */,
				043999F51204A22D00A74860 /* MapTableViewController.xib in Resources */,
				0F130E7F18FDA04700DB2521 /* Icon~iphone.png in Resources */,
				046F3CB71208B589006FE7B1 /* SimpleTiledScrollExampleViewController.xib in Resources */,
				0447BD3D1208CD810074EA25 /* MapDetailViewController.xib in Resources */,
				04CCD1961212E59700815D86 /* CustomCell.xib in Resources */,
				045046751265EE59001938F2 /* Default.png in Resources */,
				0F5D2EC119F8093E00436C13 /* subwaymap-September14-4000.jpg in Resources */,
				0FED5AC318FDBDC500F62FB6 /* Icon-72@2x.png in Resources */,
				046EEE731266646400CCF5DC /* rail_icon.png in Resources */,
				046EEE751266646D00CCF5DC /* map.png in Resources */,
				0421AF391277A106007A56F8 /* Icon.png in Resources */,
				0421AF6C1277A3F6007A56F8 /* Icon@2x.png in Resources */,
				04BE0C8312A4679300E3F354 /* LineFavorites.xib in Resources */,
				04B25A8312A5815200C8352D /* FavoriteLinesManager.xib in Resources */,
				04E2728312F1EC3100869C63 /* busPickerIcon.png in Resources */,
				04E2728412F1EC3100869C63 /* LIRRPickerIcon.png in Resources */,
				04E2728512F1EC3100869C63 /* metronorthPickerIcon.png in Resources */,
				04E2729512F1ECC700869C63 /* bridgesTunnelsPickerIcon.png in Resources */,
				0FED5ABF18FDB8DA00F62FB6 /* Icon@2x~ipad.png in Resources */,
				0F130E7B18FD9C5400DB2521 /* Default-568h@2x.png in Resources */,
				04977BAE12F60FC900E74FF3 /* Icon-72.png in Resources */,
			);
			runOnlyForDeploymentPostprocessing = 0;
		};
/* End PBXResourcesBuildPhase section */

/* Begin PBXSourcesBuildPhase section */
		1D60588E0D05DD3D006BFB54 /* Sources */ = {
			isa = PBXSourcesBuildPhase;
			buildActionMask = 2147483647;
			files = (
				1D60589B0D05DD56006BFB54 /* main.m in Sources */,
				0FD3EFC918DB79BE001B87ED /* CXHTMLDocument.m in Sources */,
				0FD3EFCB18DB79BE001B87ED /* CXMLDocument_PrivateExtensions.m in Sources */,
				1D3623260D0F684500981E51 /* TabAppDelegate.m in Sources */,
				044C627111D1AFDF009D8BA3 /* ServiceDetailViewController.m in Sources */,
				044C628E11D1B23B009D8BA3 /* Line.m in Sources */,
				04B0260011DACFBE00DC97E2 /* RailsViewController.m in Sources */,
				0485F8131203C9C5001B676C /* MapsViewController.m in Sources */,
				0FD3EFD118DB79BE001B87ED /* CXMLNode_PrivateExtensions.m in Sources */,
				04CCD1991212E5A100815D86 /* CustomCell.m in Sources */,
				0FD3EFD018DB79BE001B87ED /* CXMLNode.m in Sources */,
				0FD3EFD218DB79BE001B87ED /* CXMLNode_XPathExtensions.m in Sources */,
				04998C27126E5AB700B44A51 /* TapDetectingImageView.m in Sources */,
				0FD3EFC818DB79BE001B87ED /* CXMLNode_CreationExtensions.m in Sources */,
				0FD3EFD318DB79BE001B87ED /* CTidy.m in Sources */,
				0FD3EFC718DB79BE001B87ED /* CXMLDocument_CreationExtensions.m in Sources */,
				0FD3EFCC18DB79BE001B87ED /* CXMLElement.m in Sources */,
				04BE0C8212A4679300E3F354 /* LineFavorites.m in Sources */,
				0FD3EFCA18DB79BE001B87ED /* CXMLDocument.m in Sources */,
				0FD3EFCD18DB79BE001B87ED /* CXMLElement_CreationExtensions.m in Sources */,
				04B25A8212A5815200C8352D /* FavoriteLinesManager.m in Sources */,
				0FD3EFCF18DB79BE001B87ED /* CXMLNamespaceNode.m in Sources */,
				0FD3EFCE18DB79BE001B87ED /* CXMLElement_ElementTreeExtensions.m in Sources */,
				04548CE312D2744F00DCA3C6 /* CustomView.m in Sources */,
				04548CE412D2744F00DCA3C6 /* CustomPickerDataSource.m in Sources */,
			);
			runOnlyForDeploymentPostprocessing = 0;
		};
/* End PBXSourcesBuildPhase section */

/* Begin XCBuildConfiguration section */
		04CACE3E11E7596800C09C86 /* Distribution */ = {
			isa = XCBuildConfiguration;
			buildSettings = {
				CODE_SIGN_ENTITLEMENTS = "";
				CODE_SIGN_IDENTITY = "iPhone Distribution: Nabil Mouzannar (SBUWBN5J4E)";
				"CODE_SIGN_IDENTITY[sdk=iphoneos*]" = "iPhone Distribution: Nabil Mouzannar (SBUWBN5J4E)";
				GCC_C_LANGUAGE_STANDARD = c99;
				GCC_WARN_ABOUT_RETURN_TYPE = YES;
				GCC_WARN_UNUSED_VARIABLE = YES;
				HEADER_SEARCH_PATHS = /usr/include/libxml2;
				IPHONEOS_DEPLOYMENT_TARGET = 7.0;
				LIBRARY_SEARCH_PATHS = "$(PROJECT_DIR)/Flurry";
				OTHER_CFLAGS = "-DNS_BLOCK_ASSERTIONS=1";
				OTHER_LDFLAGS = "-lxml2";
				PROVISIONING_PROFILE = "d4d26f70-48de-4f69-8439-250ad4a3aac7";
				"PROVISIONING_PROFILE[sdk=iphoneos*]" = "d4d26f70-48de-4f69-8439-250ad4a3aac7";
				SDKROOT = iphoneos;
				TARGETED_DEVICE_FAMILY = "1,2";
			};
			name = Distribution;
		};
		04CACE3F11E7596800C09C86 /* Distribution */ = {
			isa = XCBuildConfiguration;
			buildSettings = {
				ALWAYS_SEARCH_USER_PATHS = YES;
				ASSETCATALOG_COMPILER_LAUNCHIMAGE_NAME = LaunchImage;
				CODE_SIGN_ENTITLEMENTS = "";
				CODE_SIGN_IDENTITY = "iPhone Distribution: Nabil Mouzannar (SBUWBN5J4E)";
				"CODE_SIGN_IDENTITY[sdk=iphoneos*]" = "iPhone Distribution: Nabil Mouzannar (SBUWBN5J4E)";
				COPY_PHASE_STRIP = YES;
				GCC_PRECOMPILE_PREFIX_HEADER = YES;
				GCC_PREFIX_HEADER = rideOnTime_Prefix.pch;
				GCC_THUMB_SUPPORT = NO;
				"HEADER_SEARCH_PATHS[arch=*]" = /usr/include/libxml2;
				INFOPLIST_FILE = "rideOnTime-Info.plist";
				IPHONEOS_DEPLOYMENT_TARGET = 7.0;
				LIBRARY_SEARCH_PATHS = "$(PROJECT_DIR)/Flurry";
				PRODUCT_NAME = rideOnTime;
				PROVISIONING_PROFILE = "d4d26f70-48de-4f69-8439-250ad4a3aac7";
				"PROVISIONING_PROFILE[sdk=iphoneos*]" = "d4d26f70-48de-4f69-8439-250ad4a3aac7";
				SDKROOT = iphoneos;
				VALIDATE_PRODUCT = YES;
			};
			name = Distribution;
		};
		1D6058940D05DD3E006BFB54 /* Debug */ = {
			isa = XCBuildConfiguration;
			buildSettings = {
				ALWAYS_SEARCH_USER_PATHS = YES;
				ASSETCATALOG_COMPILER_LAUNCHIMAGE_NAME = LaunchImage;
				CODE_SIGN_ENTITLEMENTS = "";
				CODE_SIGN_IDENTITY = "iPhone Distribution: Nabil Mouzannar (SBUWBN5J4E)";
				"CODE_SIGN_IDENTITY[sdk=iphoneos*]" = "iPhone Distribution: Nabil Mouzannar (SBUWBN5J4E)";
				COPY_PHASE_STRIP = NO;
				GCC_DYNAMIC_NO_PIC = NO;
				GCC_OPTIMIZATION_LEVEL = 0;
				GCC_PRECOMPILE_PREFIX_HEADER = YES;
				GCC_PREFIX_HEADER = rideOnTime_Prefix.pch;
				GCC_THUMB_SUPPORT = NO;
				HEADER_SEARCH_PATHS = /usr/include/libxml2;
				"HEADER_SEARCH_PATHS[arch=*]" = /usr/include/libxml2;
				INFOPLIST_FILE = "rideOnTime-Info.plist";
				IPHONEOS_DEPLOYMENT_TARGET = 7.0;
				LIBRARY_SEARCH_PATHS = "$(PROJECT_DIR)/Flurry";
				PRODUCT_NAME = rideOnTime;
				PROVISIONING_PROFILE = "d4d26f70-48de-4f69-8439-250ad4a3aac7";
				"PROVISIONING_PROFILE[sdk=iphoneos*]" = "d4d26f70-48de-4f69-8439-250ad4a3aac7";
				SDKROOT = iphoneos;
			};
			name = Debug;
		};
		1D6058950D05DD3E006BFB54 /* Release */ = {
			isa = XCBuildConfiguration;
			buildSettings = {
				ALWAYS_SEARCH_USER_PATHS = YES;
				ASSETCATALOG_COMPILER_LAUNCHIMAGE_NAME = LaunchImage;
				CODE_SIGN_ENTITLEMENTS = "";
				CODE_SIGN_IDENTITY = "iPhone Distribution: Nabil Mouzannar (SBUWBN5J4E)";
				"CODE_SIGN_IDENTITY[sdk=iphoneos*]" = "iPhone Distribution: Nabil Mouzannar (SBUWBN5J4E)";
				COPY_PHASE_STRIP = YES;
				GCC_PRECOMPILE_PREFIX_HEADER = YES;
				GCC_PREFIX_HEADER = rideOnTime_Prefix.pch;
				GCC_THUMB_SUPPORT = NO;
				"HEADER_SEARCH_PATHS[arch=*]" = /usr/include/libxml2;
				INFOPLIST_FILE = "rideOnTime-Info.plist";
				IPHONEOS_DEPLOYMENT_TARGET = 7.0;
				LIBRARY_SEARCH_PATHS = "$(PROJECT_DIR)/Flurry";
				PRODUCT_NAME = rideOnTime;
				PROVISIONING_PROFILE = "d4d26f70-48de-4f69-8439-250ad4a3aac7";
				"PROVISIONING_PROFILE[sdk=iphoneos*]" = "d4d26f70-48de-4f69-8439-250ad4a3aac7";
				SDKROOT = iphoneos;
				VALIDATE_PRODUCT = YES;
			};
			name = Release;
		};
		C01FCF4F08A954540054247B /* Debug */ = {
			isa = XCBuildConfiguration;
			buildSettings = {
				CODE_SIGN_IDENTITY = "iPhone Distribution: Nabil Mouzannar (SBUWBN5J4E)";
				"CODE_SIGN_IDENTITY[sdk=iphoneos*]" = "iPhone Distribution: Nabil Mouzannar (SBUWBN5J4E)";
				GCC_C_LANGUAGE_STANDARD = c99;
				GCC_WARN_ABOUT_RETURN_TYPE = YES;
				GCC_WARN_UNUSED_VARIABLE = YES;
				HEADER_SEARCH_PATHS = "/usr/include/libxml2/**";
				IPHONEOS_DEPLOYMENT_TARGET = 7.0;
				LIBRARY_SEARCH_PATHS = "$(PROJECT_DIR)/Flurry";
				ONLY_ACTIVE_ARCH = YES;
				OTHER_LDFLAGS = "-lxml2";
				PROVISIONING_PROFILE = "d4d26f70-48de-4f69-8439-250ad4a3aac7";
				"PROVISIONING_PROFILE[sdk=iphoneos*]" = "d4d26f70-48de-4f69-8439-250ad4a3aac7";
				SDKROOT = iphoneos;
				TARGETED_DEVICE_FAMILY = "1,2";
			};
			name = Debug;
		};
		C01FCF5008A954540054247B /* Release */ = {
			isa = XCBuildConfiguration;
			buildSettings = {
				CODE_SIGN_IDENTITY = "iPhone Distribution: Nabil Mouzannar (SBUWBN5J4E)";
				"CODE_SIGN_IDENTITY[sdk=iphoneos*]" = "iPhone Distribution: Nabil Mouzannar (SBUWBN5J4E)";
				GCC_C_LANGUAGE_STANDARD = c99;
				GCC_WARN_ABOUT_RETURN_TYPE = YES;
				GCC_WARN_UNUSED_VARIABLE = YES;
				HEADER_SEARCH_PATHS = /usr/include/libxml2;
				IPHONEOS_DEPLOYMENT_TARGET = 7.0;
				LIBRARY_SEARCH_PATHS = "$(PROJECT_DIR)/Flurry";
				OTHER_CFLAGS = "-DNS_BLOCK_ASSERTIONS=1";
				OTHER_LDFLAGS = "-lxml2";
				PROVISIONING_PROFILE = "d4d26f70-48de-4f69-8439-250ad4a3aac7";
				"PROVISIONING_PROFILE[sdk=iphoneos*]" = "d4d26f70-48de-4f69-8439-250ad4a3aac7";
				SDKROOT = iphoneos;
				TARGETED_DEVICE_FAMILY = "1,2";
			};
			name = Release;
		};
/* End XCBuildConfiguration section */

/* Begin XCConfigurationList section */
		1D6058960D05DD3E006BFB54 /* Build configuration list for PBXNativeTarget "rideOnTime" */ = {
			isa = XCConfigurationList;
			buildConfigurations = (
				1D6058940D05DD3E006BFB54 /* Debug */,
				1D6058950D05DD3E006BFB54 /* Release */,
				04CACE3F11E7596800C09C86 /* Distribution */,
			);
			defaultConfigurationIsVisible = 0;
			defaultConfigurationName = Release;
		};
		C01FCF4E08A954540054247B /* Build configuration list for PBXProject "rideOnTime" */ = {
			isa = XCConfigurationList;
			buildConfigurations = (
				C01FCF4F08A954540054247B /* Debug */,
				C01FCF5008A954540054247B /* Release */,
				04CACE3E11E7596800C09C86 /* Distribution */,
			);
			defaultConfigurationIsVisible = 0;
			defaultConfigurationName = Release;
		};
/* End XCConfigurationList section */
	};
	rootObject = 29B97313FDCFA39411CA2CEA /* Project object */;
}
